// !$*UTF8*$!
{
	archiveVersion = 1;
	classes = {
	};
	objectVersion = 56;
	objects = {

/* Begin PBXBuildFile section */
		D8C0C93E2C0205AD00590C06 /* TrillionareMindsetApp.swift in Sources */ = {isa = PBXBuildFile; fileRef = D8C0C93D2C0205AD00590C06 /* TrillionareMindsetApp.swift */; };
		D8C0C9402C0205AD00590C06 /* ContentView.swift in Sources */ = {isa = PBXBuildFile; fileRef = D8C0C93F2C0205AD00590C06 /* ContentView.swift */; };
		D8C0C9422C0205AF00590C06 /* Assets.xcassets in Resources */ = {isa = PBXBuildFile; fileRef = D8C0C9412C0205AF00590C06 /* Assets.xcassets */; };
		D8C0C9452C0205AF00590C06 /* Preview Assets.xcassets in Resources */ = {isa = PBXBuildFile; fileRef = D8C0C9442C0205AF00590C06 /* Preview Assets.xcassets */; };
		D8C0C94F2C0205AF00590C06 /* TrillionareMindsetTests.swift in Sources */ = {isa = PBXBuildFile; fileRef = D8C0C94E2C0205AF00590C06 /* TrillionareMindsetTests.swift */; };
		D8C0C9592C0205AF00590C06 /* TrillionareMindsetUITests.swift in Sources */ = {isa = PBXBuildFile; fileRef = D8C0C9582C0205AF00590C06 /* TrillionareMindsetUITests.swift */; };
		D8C0C95B2C0205AF00590C06 /* TrillionareMindsetUITestsLaunchTests.swift in Sources */ = {isa = PBXBuildFile; fileRef = D8C0C95A2C0205AF00590C06 /* TrillionareMindsetUITestsLaunchTests.swift */; };
/* End PBXBuildFile section */

/* Begin PBXContainerItemProxy section */
		D8C0C94B2C0205AF00590C06 /* PBXContainerItemProxy */ = {
			isa = PBXContainerItemProxy;
			containerPortal = D8C0C9322C0205AD00590C06 /* Project object */;
			proxyType = 1;
			remoteGlobalIDString = D8C0C9392C0205AD00590C06;
			remoteInfo = TrillionareMindset;
		};
		D8C0C9552C0205AF00590C06 /* PBXContainerItemProxy */ = {
			isa = PBXContainerItemProxy;
			containerPortal = D8C0C9322C0205AD00590C06 /* Project object */;
			proxyType = 1;
			remoteGlobalIDString = D8C0C9392C0205AD00590C06;
			remoteInfo = TrillionareMindset;
		};
/* End PBXContainerItemProxy section */

/* Begin PBXFileReference section */
		D8C0C93A2C0205AD00590C06 /* TrillionareMindset.app */ = {isa = PBXFileReference; explicitFileType = wrapper.application; includeInIndex = 0; path = TrillionareMindset.app; sourceTree = BUILT_PRODUCTS_DIR; };
		D8C0C93D2C0205AD00590C06 /* TrillionareMindsetApp.swift */ = {isa = PBXFileReference; lastKnownFileType = sourcecode.swift; path = TrillionareMindsetApp.swift; sourceTree = "<group>"; };
		D8C0C93F2C0205AD00590C06 /* ContentView.swift */ = {isa = PBXFileReference; lastKnownFileType = sourcecode.swift; path = ContentView.swift; sourceTree = "<group>"; };
		D8C0C9412C0205AF00590C06 /* Assets.xcassets */ = {isa = PBXFileReference; lastKnownFileType = folder.assetcatalog; path = Assets.xcassets; sourceTree = "<group>"; };
		D8C0C9442C0205AF00590C06 /* Preview Assets.xcassets */ = {isa = PBXFileReference; lastKnownFileType = folder.assetcatalog; path = "Preview Assets.xcassets"; sourceTree = "<group>"; };
		D8C0C94A2C0205AF00590C06 /* TrillionareMindsetTests.xctest */ = {isa = PBXFileReference; explicitFileType = wrapper.cfbundle; includeInIndex = 0; path = TrillionareMindsetTests.xctest; sourceTree = BUILT_PRODUCTS_DIR; };
		D8C0C94E2C0205AF00590C06 /* TrillionareMindsetTests.swift */ = {isa = PBXFileReference; lastKnownFileType = sourcecode.swift; path = TrillionareMindsetTests.swift; sourceTree = "<group>"; };
		D8C0C9542C0205AF00590C06 /* TrillionareMindsetUITests.xctest */ = {isa = PBXFileReference; explicitFileType = wrapper.cfbundle; includeInIndex = 0; path = TrillionareMindsetUITests.xctest; sourceTree = BUILT_PRODUCTS_DIR; };
		D8C0C9582C0205AF00590C06 /* TrillionareMindsetUITests.swift */ = {isa = PBXFileReference; lastKnownFileType = sourcecode.swift; path = TrillionareMindsetUITests.swift; sourceTree = "<group>"; };
		D8C0C95A2C0205AF00590C06 /* TrillionareMindsetUITestsLaunchTests.swift */ = {isa = PBXFileReference; lastKnownFileType = sourcecode.swift; path = TrillionareMindsetUITestsLaunchTests.swift; sourceTree = "<group>"; };
/* End PBXFileReference section */

/* Begin PBXFrameworksBuildPhase section */
		D8C0C9372C0205AD00590C06 /* Frameworks */ = {
			isa = PBXFrameworksBuildPhase;
			buildActionMask = 2147483647;
			files = (
			);
			runOnlyForDeploymentPostprocessing = 0;
		};
		D8C0C9472C0205AF00590C06 /* Frameworks */ = {
			isa = PBXFrameworksBuildPhase;
			buildActionMask = 2147483647;
			files = (
			);
			runOnlyForDeploymentPostprocessing = 0;
		};
		D8C0C9512C0205AF00590C06 /* Frameworks */ = {
			isa = PBXFrameworksBuildPhase;
			buildActionMask = 2147483647;
			files = (
			);
			runOnlyForDeploymentPostprocessing = 0;
		};
/* End PBXFrameworksBuildPhase section */

/* Begin PBXGroup section */
		D8C0C9312C0205AD00590C06 = {
			isa = PBXGroup;
			children = (
				D8C0C93C2C0205AD00590C06 /* TrillionareMindset */,
				D8C0C94D2C0205AF00590C06 /* TrillionareMindsetTests */,
				D8C0C9572C0205AF00590C06 /* TrillionareMindsetUITests */,
				D8C0C93B2C0205AD00590C06 /* Products */,
			);
			sourceTree = "<group>";
		};
		D8C0C93B2C0205AD00590C06 /* Products */ = {
			isa = PBXGroup;
			children = (
				D8C0C93A2C0205AD00590C06 /* TrillionareMindset.app */,
				D8C0C94A2C0205AF00590C06 /* TrillionareMindsetTests.xctest */,
				D8C0C9542C0205AF00590C06 /* TrillionareMindsetUITests.xctest */,
			);
			name = Products;
			sourceTree = "<group>";
		};
		D8C0C93C2C0205AD00590C06 /* TrillionareMindset */ = {
			isa = PBXGroup;
			children = (
				D8C0C93D2C0205AD00590C06 /* TrillionareMindsetApp.swift */,
				D8C0C93F2C0205AD00590C06 /* ContentView.swift */,
				D8C0C9412C0205AF00590C06 /* Assets.xcassets */,
				D8C0C9432C0205AF00590C06 /* Preview Content */,
			);
			path = TrillionareMindset;
			sourceTree = "<group>";
		};
		D8C0C9432C0205AF00590C06 /* Preview Content */ = {
			isa = PBXGroup;
			children = (
				D8C0C9442C0205AF00590C06 /* Preview Assets.xcassets */,
			);
			path = "Preview Content";
			sourceTree = "<group>";
		};
		D8C0C94D2C0205AF00590C06 /* TrillionareMindsetTests */ = {
			isa = PBXGroup;
			children = (
				D8C0C94E2C0205AF00590C06 /* TrillionareMindsetTests.swift */,
			);
			path = TrillionareMindsetTests;
			sourceTree = "<group>";
		};
		D8C0C9572C0205AF00590C06 /* TrillionareMindsetUITests */ = {
			isa = PBXGroup;
			children = (
				D8C0C9582C0205AF00590C06 /* TrillionareMindsetUITests.swift */,
				D8C0C95A2C0205AF00590C06 /* TrillionareMindsetUITestsLaunchTests.swift */,
			);
			path = TrillionareMindsetUITests;
			sourceTree = "<group>";
		};
/* End PBXGroup section */

/* Begin PBXNativeTarget section */
		D8C0C9392C0205AD00590C06 /* TrillionareMindset */ = {
			isa = PBXNativeTarget;
			buildConfigurationList = D8C0C95E2C0205AF00590C06 /* Build configuration list for PBXNativeTarget "TrillionareMindset" */;
			buildPhases = (
				D8C0C9362C0205AD00590C06 /* Sources */,
				D8C0C9372C0205AD00590C06 /* Frameworks */,
				D8C0C9382C0205AD00590C06 /* Resources */,
			);
			buildRules = (
			);
			dependencies = (
			);
			name = TrillionareMindset;
			productName = TrillionareMindset;
			productReference = D8C0C93A2C0205AD00590C06 /* TrillionareMindset.app */;
			productType = "com.apple.product-type.application";
		};
		D8C0C9492C0205AF00590C06 /* TrillionareMindsetTests */ = {
			isa = PBXNativeTarget;
			buildConfigurationList = D8C0C9612C0205AF00590C06 /* Build configuration list for PBXNativeTarget "TrillionareMindsetTests" */;
			buildPhases = (
				D8C0C9462C0205AF00590C06 /* Sources */,
				D8C0C9472C0205AF00590C06 /* Frameworks */,
				D8C0C9482C0205AF00590C06 /* Resources */,
			);
			buildRules = (
			);
			dependencies = (
				D8C0C94C2C0205AF00590C06 /* PBXTargetDependency */,
			);
			name = TrillionareMindsetTests;
			productName = TrillionareMindsetTests;
			productReference = D8C0C94A2C0205AF00590C06 /* TrillionareMindsetTests.xctest */;
			productType = "com.apple.product-type.bundle.unit-test";
		};
		D8C0C9532C0205AF00590C06 /* TrillionareMindsetUITests */ = {
			isa = PBXNativeTarget;
			buildConfigurationList = D8C0C9642C0205AF00590C06 /* Build configuration list for PBXNativeTarget "TrillionareMindsetUITests" */;
			buildPhases = (
				D8C0C9502C0205AF00590C06 /* Sources */,
				D8C0C9512C0205AF00590C06 /* Frameworks */,
				D8C0C9522C0205AF00590C06 /* Resources */,
			);
			buildRules = (
			);
			dependencies = (
				D8C0C9562C0205AF00590C06 /* PBXTargetDependency */,
			);
			name = TrillionareMindsetUITests;
			productName = TrillionareMindsetUITests;
			productReference = D8C0C9542C0205AF00590C06 /* TrillionareMindsetUITests.xctest */;
			productType = "com.apple.product-type.bundle.ui-testing";
		};
/* End PBXNativeTarget section */

/* Begin PBXProject section */
		D8C0C9322C0205AD00590C06 /* Project object */ = {
			isa = PBXProject;
			attributes = {
				BuildIndependentTargetsInParallel = 1;
				LastSwiftUpdateCheck = 1530;
				LastUpgradeCheck = 1530;
				TargetAttributes = {
					D8C0C9392C0205AD00590C06 = {
						CreatedOnToolsVersion = 15.3;
					};
					D8C0C9492C0205AF00590C06 = {
						CreatedOnToolsVersion = 15.3;
						TestTargetID = D8C0C9392C0205AD00590C06;
					};
					D8C0C9532C0205AF00590C06 = {
						CreatedOnToolsVersion = 15.3;
						TestTargetID = D8C0C9392C0205AD00590C06;
					};
				};
			};
			buildConfigurationList = D8C0C9352C0205AD00590C06 /* Build configuration list for PBXProject "TrillionareMindset" */;
			compatibilityVersion = "Xcode 14.0";
			developmentRegion = en;
			hasScannedForEncodings = 0;
			knownRegions = (
				en,
				Base,
			);
			mainGroup = D8C0C9312C0205AD00590C06;
			productRefGroup = D8C0C93B2C0205AD00590C06 /* Products */;
			projectDirPath = "";
			projectRoot = "";
			targets = (
				D8C0C9392C0205AD00590C06 /* TrillionareMindset */,
				D8C0C9492C0205AF00590C06 /* TrillionareMindsetTests */,
				D8C0C9532C0205AF00590C06 /* TrillionareMindsetUITests */,
			);
		};
/* End PBXProject section */

/* Begin PBXResourcesBuildPhase section */
		D8C0C9382C0205AD00590C06 /* Resources */ = {
			isa = PBXResourcesBuildPhase;
			buildActionMask = 2147483647;
			files = (
				D8C0C9452C0205AF00590C06 /* Preview Assets.xcassets in Resources */,
				D8C0C9422C0205AF00590C06 /* Assets.xcassets in Resources */,
			);
			runOnlyForDeploymentPostprocessing = 0;
		};
		D8C0C9482C0205AF00590C06 /* Resources */ = {
			isa = PBXResourcesBuildPhase;
			buildActionMask = 2147483647;
			files = (
			);
			runOnlyForDeploymentPostprocessing = 0;
		};
		D8C0C9522C0205AF00590C06 /* Resources */ = {
			isa = PBXResourcesBuildPhase;
			buildActionMask = 2147483647;
			files = (
			);
			runOnlyForDeploymentPostprocessing = 0;
		};
/* End PBXResourcesBuildPhase section */

/* Begin PBXSourcesBuildPhase section */
		D8C0C9362C0205AD00590C06 /* Sources */ = {
			isa = PBXSourcesBuildPhase;
			buildActionMask = 2147483647;
			files = (
				D8C0C9402C0205AD00590C06 /* ContentView.swift in Sources */,
				D8C0C93E2C0205AD00590C06 /* TrillionareMindsetApp.swift in Sources */,
			);
			runOnlyForDeploymentPostprocessing = 0;
		};
		D8C0C9462C0205AF00590C06 /* Sources */ = {
			isa = PBXSourcesBuildPhase;
			buildActionMask = 2147483647;
			files = (
				D8C0C94F2C0205AF00590C06 /* TrillionareMindsetTests.swift in Sources */,
			);
			runOnlyForDeploymentPostprocessing = 0;
		};
		D8C0C9502C0205AF00590C06 /* Sources */ = {
			isa = PBXSourcesBuildPhase;
			buildActionMask = 2147483647;
			files = (
				D8C0C9592C0205AF00590C06 /* TrillionareMindsetUITests.swift in Sources */,
				D8C0C95B2C0205AF00590C06 /* TrillionareMindsetUITestsLaunchTests.swift in Sources */,
			);
			runOnlyForDeploymentPostprocessing = 0;
		};
/* End PBXSourcesBuildPhase section */

/* Begin PBXTargetDependency section */
		D8C0C94C2C0205AF00590C06 /* PBXTargetDependency */ = {
			isa = PBXTargetDependency;
			target = D8C0C9392C0205AD00590C06 /* TrillionareMindset */;
			targetProxy = D8C0C94B2C0205AF00590C06 /* PBXContainerItemProxy */;
		};
		D8C0C9562C0205AF00590C06 /* PBXTargetDependency */ = {
			isa = PBXTargetDependency;
			target = D8C0C9392C0205AD00590C06 /* TrillionareMindset */;
			targetProxy = D8C0C9552C0205AF00590C06 /* PBXContainerItemProxy */;
		};
/* End PBXTargetDependency section */

/* Begin XCBuildConfiguration section */
		D8C0C95C2C0205AF00590C06 /* Debug */ = {
			isa = XCBuildConfiguration;
			buildSettings = {
				ALWAYS_SEARCH_USER_PATHS = NO;
				ASSETCATALOG_COMPILER_GENERATE_SWIFT_ASSET_SYMBOL_EXTENSIONS = YES;
				CLANG_ANALYZER_NONNULL = YES;
				CLANG_ANALYZER_NUMBER_OBJECT_CONVERSION = YES_AGGRESSIVE;
				CLANG_CXX_LANGUAGE_STANDARD = "gnu++20";
				CLANG_ENABLE_MODULES = YES;
				CLANG_ENABLE_OBJC_ARC = YES;
				CLANG_ENABLE_OBJC_WEAK = YES;
				CLANG_WARN_BLOCK_CAPTURE_AUTORELEASING = YES;
				CLANG_WARN_BOOL_CONVERSION = YES;
				CLANG_WARN_COMMA = YES;
				CLANG_WARN_CONSTANT_CONVERSION = YES;
				CLANG_WARN_DEPRECATED_OBJC_IMPLEMENTATIONS = YES;
				CLANG_WARN_DIRECT_OBJC_ISA_USAGE = YES_ERROR;
				CLANG_WARN_DOCUMENTATION_COMMENTS = YES;
				CLANG_WARN_EMPTY_BODY = YES;
				CLANG_WARN_ENUM_CONVERSION = YES;
				CLANG_WARN_INFINITE_RECURSION = YES;
				CLANG_WARN_INT_CONVERSION = YES;
				CLANG_WARN_NON_LITERAL_NULL_CONVERSION = YES;
				CLANG_WARN_OBJC_IMPLICIT_RETAIN_SELF = YES;
				CLANG_WARN_OBJC_LITERAL_CONVERSION = YES;
				CLANG_WARN_OBJC_ROOT_CLASS = YES_ERROR;
				CLANG_WARN_QUOTED_INCLUDE_IN_FRAMEWORK_HEADER = YES;
				CLANG_WARN_RANGE_LOOP_ANALYSIS = YES;
				CLANG_WARN_STRICT_PROTOTYPES = YES;
				CLANG_WARN_SUSPICIOUS_MOVE = YES;
				CLANG_WARN_UNGUARDED_AVAILABILITY = YES_AGGRESSIVE;
				CLANG_WARN_UNREACHABLE_CODE = YES;
				CLANG_WARN__DUPLICATE_METHOD_MATCH = YES;
				COPY_PHASE_STRIP = NO;
				DEBUG_INFORMATION_FORMAT = dwarf;
				ENABLE_STRICT_OBJC_MSGSEND = YES;
				ENABLE_TESTABILITY = YES;
				ENABLE_USER_SCRIPT_SANDBOXING = YES;
				GCC_C_LANGUAGE_STANDARD = gnu17;
				GCC_DYNAMIC_NO_PIC = NO;
				GCC_NO_COMMON_BLOCKS = YES;
				GCC_OPTIMIZATION_LEVEL = 0;
				GCC_PREPROCESSOR_DEFINITIONS = (
					"DEBUG=1",
					"$(inherited)",
				);
				GCC_WARN_64_TO_32_BIT_CONVERSION = YES;
				GCC_WARN_ABOUT_RETURN_TYPE = YES_ERROR;
				GCC_WARN_UNDECLARED_SELECTOR = YES;
				GCC_WARN_UNINITIALIZED_AUTOS = YES_AGGRESSIVE;
				GCC_WARN_UNUSED_FUNCTION = YES;
				GCC_WARN_UNUSED_VARIABLE = YES;
				IPHONEOS_DEPLOYMENT_TARGET = 17.4;
				LOCALIZATION_PREFERS_STRING_CATALOGS = YES;
				MTL_ENABLE_DEBUG_INFO = INCLUDE_SOURCE;
				MTL_FAST_MATH = YES;
				ONLY_ACTIVE_ARCH = YES;
				SDKROOT = iphoneos;
				SWIFT_ACTIVE_COMPILATION_CONDITIONS = "DEBUG $(inherited)";
				SWIFT_OPTIMIZATION_LEVEL = "-Onone";
			};
			name = Debug;
		};
		D8C0C95D2C0205AF00590C06 /* Release */ = {
			isa = XCBuildConfiguration;
			buildSettings = {
				ALWAYS_SEARCH_USER_PATHS = NO;
				ASSETCATALOG_COMPILER_GENERATE_SWIFT_ASSET_SYMBOL_EXTENSIONS = YES;
				CLANG_ANALYZER_NONNULL = YES;
				CLANG_ANALYZER_NUMBER_OBJECT_CONVERSION = YES_AGGRESSIVE;
				CLANG_CXX_LANGUAGE_STANDARD = "gnu++20";
				CLANG_ENABLE_MODULES = YES;
				CLANG_ENABLE_OBJC_ARC = YES;
				CLANG_ENABLE_OBJC_WEAK = YES;
				CLANG_WARN_BLOCK_CAPTURE_AUTORELEASING = YES;
				CLANG_WARN_BOOL_CONVERSION = YES;
				CLANG_WARN_COMMA = YES;
				CLANG_WARN_CONSTANT_CONVERSION = YES;
				CLANG_WARN_DEPRECATED_OBJC_IMPLEMENTATIONS = YES;
				CLANG_WARN_DIRECT_OBJC_ISA_USAGE = YES_ERROR;
				CLANG_WARN_DOCUMENTATION_COMMENTS = YES;
				CLANG_WARN_EMPTY_BODY = YES;
				CLANG_WARN_ENUM_CONVERSION = YES;
				CLANG_WARN_INFINITE_RECURSION = YES;
				CLANG_WARN_INT_CONVERSION = YES;
				CLANG_WARN_NON_LITERAL_NULL_CONVERSION = YES;
				CLANG_WARN_OBJC_IMPLICIT_RETAIN_SELF = YES;
				CLANG_WARN_OBJC_LITERAL_CONVERSION = YES;
				CLANG_WARN_OBJC_ROOT_CLASS = YES_ERROR;
				CLANG_WARN_QUOTED_INCLUDE_IN_FRAMEWORK_HEADER = YES;
				CLANG_WARN_RANGE_LOOP_ANALYSIS = YES;
				CLANG_WARN_STRICT_PROTOTYPES = YES;
				CLANG_WARN_SUSPICIOUS_MOVE = YES;
				CLANG_WARN_UNGUARDED_AVAILABILITY = YES_AGGRESSIVE;
				CLANG_WARN_UNREACHABLE_CODE = YES;
				CLANG_WARN__DUPLICATE_METHOD_MATCH = YES;
				COPY_PHASE_STRIP = NO;
				DEBUG_INFORMATION_FORMAT = "dwarf-with-dsym";
				ENABLE_NS_ASSERTIONS = NO;
				ENABLE_STRICT_OBJC_MSGSEND = YES;
				ENABLE_USER_SCRIPT_SANDBOXING = YES;
				GCC_C_LANGUAGE_STANDARD = gnu17;
				GCC_NO_COMMON_BLOCKS = YES;
				GCC_WARN_64_TO_32_BIT_CONVERSION = YES;
				GCC_WARN_ABOUT_RETURN_TYPE = YES_ERROR;
				GCC_WARN_UNDECLARED_SELECTOR = YES;
				GCC_WARN_UNINITIALIZED_AUTOS = YES_AGGRESSIVE;
				GCC_WARN_UNUSED_FUNCTION = YES;
				GCC_WARN_UNUSED_VARIABLE = YES;
				IPHONEOS_DEPLOYMENT_TARGET = 17.4;
				LOCALIZATION_PREFERS_STRING_CATALOGS = YES;
				MTL_ENABLE_DEBUG_INFO = NO;
				MTL_FAST_MATH = YES;
				SDKROOT = iphoneos;
				SWIFT_COMPILATION_MODE = wholemodule;
				VALIDATE_PRODUCT = YES;
			};
			name = Release;
		};
		D8C0C95F2C0205AF00590C06 /* Debug */ = {
			isa = XCBuildConfiguration;
			buildSettings = {
				ASSETCATALOG_COMPILER_APPICON_NAME = AppIcon;
				ASSETCATALOG_COMPILER_GLOBAL_ACCENT_COLOR_NAME = AccentColor;
				CODE_SIGN_STYLE = Automatic;
				CURRENT_PROJECT_VERSION = 1;
				DEVELOPMENT_ASSET_PATHS = "\"TrillionareMindset/Preview Content\"";
				DEVELOPMENT_TEAM = 443L3444LJ;
				ENABLE_PREVIEWS = YES;
				GENERATE_INFOPLIST_FILE = YES;
				INFOPLIST_KEY_UIApplicationSceneManifest_Generation = YES;
				INFOPLIST_KEY_UIApplicationSupportsIndirectInputEvents = YES;
				INFOPLIST_KEY_UILaunchScreen_Generation = YES;
				INFOPLIST_KEY_UISupportedInterfaceOrientations_iPad = "UIInterfaceOrientationPortrait UIInterfaceOrientationPortraitUpsideDown UIInterfaceOrientationLandscapeLeft UIInterfaceOrientationLandscapeRight";
				INFOPLIST_KEY_UISupportedInterfaceOrientations_iPhone = "UIInterfaceOrientationPortrait UIInterfaceOrientationLandscapeLeft UIInterfaceOrientationLandscapeRight";
				LD_RUNPATH_SEARCH_PATHS = (
					"$(inherited)",
					"@executable_path/Frameworks",
				);
				MARKETING_VERSION = 1.0;
				PRODUCT_BUNDLE_IDENTIFIER = Jai.TrillionareMindset;
				PRODUCT_NAME = "$(TARGET_NAME)";
				SWIFT_EMIT_LOC_STRINGS = YES;
				SWIFT_VERSION = 5.0;
				TARGETED_DEVICE_FAMILY = "1,2";
			};
			name = Debug;
		};
		D8C0C9602C0205AF00590C06 /* Release */ = {
			isa = XCBuildConfiguration;
			buildSettings = {
				ASSETCATALOG_COMPILER_APPICON_NAME = AppIcon;
				ASSETCATALOG_COMPILER_GLOBAL_ACCENT_COLOR_NAME = AccentColor;
				CODE_SIGN_STYLE = Automatic;
				CURRENT_PROJECT_VERSION = 1;
				DEVELOPMENT_ASSET_PATHS = "\"TrillionareMindset/Preview Content\"";
				DEVELOPMENT_TEAM = 443L3444LJ;
				ENABLE_PREVIEWS = YES;
				GENERATE_INFOPLIST_FILE = YES;
				INFOPLIST_KEY_UIApplicationSceneManifest_Generation = YES;
				INFOPLIST_KEY_UIApplicationSupportsIndirectInputEvents = YES;
				INFOPLIST_KEY_UILaunchScreen_Generation = YES;
				INFOPLIST_KEY_UISupportedInterfaceOrientations_iPad = "UIInterfaceOrientationPortrait UIInterfaceOrientationPortraitUpsideDown UIInterfaceOrientationLandscapeLeft UIInterfaceOrientationLandscapeRight";
				INFOPLIST_KEY_UISupportedInterfaceOrientations_iPhone = "UIInterfaceOrientationPortrait UIInterfaceOrientationLandscapeLeft UIInterfaceOrientationLandscapeRight";
				LD_RUNPATH_SEARCH_PATHS = (
					"$(inherited)",
					"@executable_path/Frameworks",
				);
				MARKETING_VERSION = 1.0;
				PRODUCT_BUNDLE_IDENTIFIER = Jai.TrillionareMindset;
				PRODUCT_NAME = "$(TARGET_NAME)";
				SWIFT_EMIT_LOC_STRINGS = YES;
				SWIFT_VERSION = 5.0;
				TARGETED_DEVICE_FAMILY = "1,2";
			};
			name = Release;
		};
		D8C0C9622C0205AF00590C06 /* Debug */ = {
			isa = XCBuildConfiguration;
			buildSettings = {
				ALWAYS_EMBED_SWIFT_STANDARD_LIBRARIES = YES;
				BUNDLE_LOADER = "$(TEST_HOST)";
				CODE_SIGN_STYLE = Automatic;
				CURRENT_PROJECT_VERSION = 1;
				DEVELOPMENT_TEAM = 443L3444LJ;
				GENERATE_INFOPLIST_FILE = YES;
				IPHONEOS_DEPLOYMENT_TARGET = 17.4;
				MARKETING_VERSION = 1.0;
				PRODUCT_BUNDLE_IDENTIFIER = Jai.TrillionareMindsetTests;
				PRODUCT_NAME = "$(TARGET_NAME)";
				SWIFT_EMIT_LOC_STRINGS = NO;
				SWIFT_VERSION = 5.0;
				TARGETED_DEVICE_FAMILY = "1,2";
				TEST_HOST = "$(BUILT_PRODUCTS_DIR)/TrillionareMindset.app/$(BUNDLE_EXECUTABLE_FOLDER_PATH)/TrillionareMindset";
			};
			name = Debug;
		};
		D8C0C9632C0205AF00590C06 /* Release */ = {
			isa = XCBuildConfiguration;
			buildSettings = {
				ALWAYS_EMBED_SWIFT_STANDARD_LIBRARIES = YES;
				BUNDLE_LOADER = "$(TEST_HOST)";
				CODE_SIGN_STYLE = Automatic;
				CURRENT_PROJECT_VERSION = 1;
				DEVELOPMENT_TEAM = 443L3444LJ;
				GENERATE_INFOPLIST_FILE = YES;
				IPHONEOS_DEPLOYMENT_TARGET = 17.4;
				MARKETING_VERSION = 1.0;
				PRODUCT_BUNDLE_IDENTIFIER = Jai.TrillionareMindsetTests;
				PRODUCT_NAME = "$(TARGET_NAME)";
				SWIFT_EMIT_LOC_STRINGS = NO;
				SWIFT_VERSION = 5.0;
				TARGETED_DEVICE_FAMILY = "1,2";
				TEST_HOST = "$(BUILT_PRODUCTS_DIR)/TrillionareMindset.app/$(BUNDLE_EXECUTABLE_FOLDER_PATH)/TrillionareMindset";
			};
			name = Release;
		};
		D8C0C9652C0205AF00590C06 /* Debug */ = {
			isa = XCBuildConfiguration;
			buildSettings = {
				ALWAYS_EMBED_SWIFT_STANDARD_LIBRARIES = YES;
				CODE_SIGN_STYLE = Automatic;
				CURRENT_PROJECT_VERSION = 1;
				DEVELOPMENT_TEAM = 443L3444LJ;
				GENERATE_INFOPLIST_FILE = YES;
				MARKETING_VERSION = 1.0;
				PRODUCT_BUNDLE_IDENTIFIER = Jai.TrillionareMindsetUITests;
				PRODUCT_NAME = "$(TARGET_NAME)";
				SWIFT_EMIT_LOC_STRINGS = NO;
				SWIFT_VERSION = 5.0;
				TARGETED_DEVICE_FAMILY = "1,2";
				TEST_TARGET_NAME = TrillionareMindset;
			};
			name = Debug;
		};
		D8C0C9662C0205AF00590C06 /* Release */ = {
			isa = XCBuildConfiguration;
			buildSettings = {
				ALWAYS_EMBED_SWIFT_STANDARD_LIBRARIES = YES;
				CODE_SIGN_STYLE = Automatic;
				CURRENT_PROJECT_VERSION = 1;
				DEVELOPMENT_TEAM = 443L3444LJ;
				GENERATE_INFOPLIST_FILE = YES;
				MARKETING_VERSION = 1.0;
				PRODUCT_BUNDLE_IDENTIFIER = Jai.TrillionareMindsetUITests;
				PRODUCT_NAME = "$(TARGET_NAME)";
				SWIFT_EMIT_LOC_STRINGS = NO;
				SWIFT_VERSION = 5.0;
				TARGETED_DEVICE_FAMILY = "1,2";
				TEST_TARGET_NAME = TrillionareMindset;
			};
			name = Release;
		};
/* End XCBuildConfiguration section */

/* Begin XCConfigurationList section */
		D8C0C9352C0205AD00590C06 /* Build configuration list for PBXProject "TrillionareMindset" */ = {
			isa = XCConfigurationList;
			buildConfigurations = (
				D8C0C95C2C0205AF00590C06 /* Debug */,
				D8C0C95D2C0205AF00590C06 /* Release */,
			);
			defaultConfigurationIsVisible = 0;
			defaultConfigurationName = Release;
		};
		D8C0C95E2C0205AF00590C06 /* Build configuration list for PBXNativeTarget "TrillionareMindset" */ = {
			isa = XCConfigurationList;
			buildConfigurations = (
				D8C0C95F2C0205AF00590C06 /* Debug */,
				D8C0C9602C0205AF00590C06 /* Release */,
			);
			defaultConfigurationIsVisible = 0;
			defaultConfigurationName = Release;
		};
		D8C0C9612C0205AF00590C06 /* Build configuration list for PBXNativeTarget "TrillionareMindsetTests" */ = {
			isa = XCConfigurationList;
			buildConfigurations = (
				D8C0C9622C0205AF00590C06 /* Debug */,
				D8C0C9632C0205AF00590C06 /* Release */,
			);
			defaultConfigurationIsVisible = 0;
			defaultConfigurationName = Release;
		};
		D8C0C9642C0205AF00590C06 /* Build configuration list for PBXNativeTarget "TrillionareMindsetUITests" */ = {
			isa = XCConfigurationList;
			buildConfigurations = (
				D8C0C9652C0205AF00590C06 /* Debug */,
				D8C0C9662C0205AF00590C06 /* Release */,
			);
			defaultConfigurationIsVisible = 0;
			defaultConfigurationName = Release;
		};
/* End XCConfigurationList section */
	};
	rootObject = D8C0C9322C0205AD00590C06 /* Project object */;
}
